schema: '2.0'
stages:
  train:
    cmd: python scripts/train_baseline.py
    deps:
    - path: data/raw/acoustic_features.csv
      hash: md5
      md5: faaf0331df63821398fcf7fe59ce11b5
      size: 172389
    - path: scripts/train_baseline.py
      hash: md5
      md5: 2efaaeeac7d4e983242bfe3b3f50e333
      size: 1840
    outs:
    - path: metrics/metrics.json
      hash: md5
      md5: 165f3bbbf1adf27732bb1204fc25473d
      size: 60
    - path: models/baseline_model.pkl
      hash: md5
      md5: b6936516a1c56215d473661c2d8b5e8f
      size: 2008200
