schema: '2.0'
stages:
  train:
    cmd: python scripts/train_baseline.py
    deps:
    - path: data/raw/acoustic_features.csv
      hash: md5
      md5: faaf0331df63821398fcf7fe59ce11b5
      size: 172389
    - path: scripts/train_baseline.py
      hash: md5
      md5: 1c4d574cea729377207aba0051d81ff8
      size: 1902
    outs:
    - path: metrics/metrics.json
      hash: md5
      md5: 086759479a879d211b4fd0ead74fd65d
      size: 60
    - path: models/baseline_model.pkl
      hash: md5
      md5: 32a0a809449e4bd77384b2d9cee91f7e
      size: 6568
