schema: '2.0'
stages:
  train:
    cmd: python scripts/train_baseline.py
    deps:
    - path: scripts/train_baseline.py
      hash: md5
      md5: 34c3b2f008987704d926b600fbb89366
      size: 2410
    outs:
    - path: metrics/metrics.json
      hash: md5
      md5: 165f3bbbf1adf27732bb1204fc25473d
      size: 60
    - path: models/baseline_model.pkl
      hash: md5
      md5: b6936516a1c56215d473661c2d8b5e8f
      size: 2008200
